// !$*UTF8*$!
{
	archiveVersion = 1;
	classes = {
	};
	objectVersion = 55;
	objects = {

/* Begin PBXBuildFile section */
		BFF6C57A27D367F900C2186C /* AppDelegate.swift in Sources */ = {isa = PBXBuildFile; fileRef = BFF6C57927D367F900C2186C /* AppDelegate.swift */; };
		BFF6C57C27D367F900C2186C /* SceneDelegate.swift in Sources */ = {isa = PBXBuildFile; fileRef = BFF6C57B27D367F900C2186C /* SceneDelegate.swift */; };
		BFF6C58627D367FA00C2186C /* Assets.xcassets in Resources */ = {isa = PBXBuildFile; fileRef = BFF6C58527D367FA00C2186C /* Assets.xcassets */; };
		BFF6C58927D367FA00C2186C /* LaunchScreen.storyboard in Resources */ = {isa = PBXBuildFile; fileRef = BFF6C58727D367FA00C2186C /* LaunchScreen.storyboard */; };
		BFF6C59427D36F9100C2186C /* BirthdayTableViewController.swift in Sources */ = {isa = PBXBuildFile; fileRef = BFF6C59327D36F9100C2186C /* BirthdayTableViewController.swift */; };
		BFF6C59827D375DC00C2186C /* Colors.swift in Sources */ = {isa = PBXBuildFile; fileRef = BFF6C59727D375DC00C2186C /* Colors.swift */; };
		BFF6C59A27D37AFE00C2186C /* NamegiverTableViewCell.swift in Sources */ = {isa = PBXBuildFile; fileRef = BFF6C59927D37AFE00C2186C /* NamegiverTableViewCell.swift */; };
		BFF6C59C27D37B6D00C2186C /* NamegiverStackView.swift in Sources */ = {isa = PBXBuildFile; fileRef = BFF6C59B27D37B6D00C2186C /* NamegiverStackView.swift */; };
		BFF6C59F27D37BDE00C2186C /* UView+.swift in Sources */ = {isa = PBXBuildFile; fileRef = BFF6C59E27D37BDE00C2186C /* UView+.swift */; };
		BFF6C5A127D37F5B00C2186C /* UIStackView+.swift in Sources */ = {isa = PBXBuildFile; fileRef = BFF6C5A027D37F5B00C2186C /* UIStackView+.swift */; };
		BFF6C5AB27D4D69400C2186C /* Altone-Regular.ttf in Resources */ = {isa = PBXBuildFile; fileRef = BFF6C5A327D4D69400C2186C /* Altone-Regular.ttf */; };
		BFF6C5AC27D4D69400C2186C /* Altone-Medium.ttf in Resources */ = {isa = PBXBuildFile; fileRef = BFF6C5A427D4D69400C2186C /* Altone-Medium.ttf */; };
		BFF6C5AD27D4D69400C2186C /* Altone-ExtraBold.ttf in Resources */ = {isa = PBXBuildFile; fileRef = BFF6C5A527D4D69400C2186C /* Altone-ExtraBold.ttf */; };
		BFF6C5AE27D4D69400C2186C /* Altone-SemiBold.ttf in Resources */ = {isa = PBXBuildFile; fileRef = BFF6C5A627D4D69400C2186C /* Altone-SemiBold.ttf */; };
		BFF6C5AF27D4D69400C2186C /* Altone-Light.ttf in Resources */ = {isa = PBXBuildFile; fileRef = BFF6C5A727D4D69400C2186C /* Altone-Light.ttf */; };
		BFF6C5B027D4D69400C2186C /* Altone-ExtraLight.ttf in Resources */ = {isa = PBXBuildFile; fileRef = BFF6C5A827D4D69400C2186C /* Altone-ExtraLight.ttf */; };
		BFF6C5B127D4D69400C2186C /* Altone-Bold.ttf in Resources */ = {isa = PBXBuildFile; fileRef = BFF6C5A927D4D69400C2186C /* Altone-Bold.ttf */; };
		BFF6C5B227D4D69400C2186C /* Altone-Thin.ttf in Resources */ = {isa = PBXBuildFile; fileRef = BFF6C5AA27D4D69400C2186C /* Altone-Thin.ttf */; };
		BFF6C5B427D4D6B100C2186C /* FontWeight.swift in Sources */ = {isa = PBXBuildFile; fileRef = BFF6C5B327D4D6B100C2186C /* FontWeight.swift */; };
		BFF6C5B627D4D71E00C2186C /* UIFont+.swift in Sources */ = {isa = PBXBuildFile; fileRef = BFF6C5B527D4D71E00C2186C /* UIFont+.swift */; };
		BFF6C5BA27D625F600C2186C /* AddNamegiverTableViewController.swift in Sources */ = {isa = PBXBuildFile; fileRef = BFF6C5B927D625F600C2186C /* AddNamegiverTableViewController.swift */; };
		BFF6C5BD27D62A2000C2186C /* AddImageNamegiverTableViewCell.swift in Sources */ = {isa = PBXBuildFile; fileRef = BFF6C5BC27D62A2000C2186C /* AddImageNamegiverTableViewCell.swift */; };
		BFF6C5C227D62AAC00C2186C /* PersonImageStackView.swift in Sources */ = {isa = PBXBuildFile; fileRef = BFF6C5C127D62AAC00C2186C /* PersonImageStackView.swift */; };
		BFF6C5C427D6419D00C2186C /* SelectImageCollectionViewCell.swift in Sources */ = {isa = PBXBuildFile; fileRef = BFF6C5C327D6419D00C2186C /* SelectImageCollectionViewCell.swift */; };
		BFF6C5C727D6858F00C2186C /* InfoView.swift in Sources */ = {isa = PBXBuildFile; fileRef = BFF6C5C627D6858F00C2186C /* InfoView.swift */; };
		BFF6C5CB27D68E9700C2186C /* InfoTextField.swift in Sources */ = {isa = PBXBuildFile; fileRef = BFF6C5CA27D68E9700C2186C /* InfoTextField.swift */; };
		BFF6C5CD27D6A61500C2186C /* AddInfoNamegiverTableViewCell.swift in Sources */ = {isa = PBXBuildFile; fileRef = BFF6C5CC27D6A61500C2186C /* AddInfoNamegiverTableViewCell.swift */; };
		BFF6C5D327D78FFC00C2186C /* iBirthday.xcdatamodeld in Sources */ = {isa = PBXBuildFile; fileRef = BFF6C5D127D78FFC00C2186C /* iBirthday.xcdatamodeld */; };
		BFF6C5D527D7910100C2186C /* CoreDataManager.swift in Sources */ = {isa = PBXBuildFile; fileRef = BFF6C5D427D7910100C2186C /* CoreDataManager.swift */; };
		BFF6C5D727D7AC6100C2186C /* Date+.swift in Sources */ = {isa = PBXBuildFile; fileRef = BFF6C5D627D7AC6100C2186C /* Date+.swift */; };
		DED4961C8C7778233CC5AFD5 /* Pods_iBirthday.framework in Frameworks */ = {isa = PBXBuildFile; fileRef = 823F25F38FDF855AAAF8037D /* Pods_iBirthday.framework */; };
/* End PBXBuildFile section */

/* Begin PBXFileReference section */
		2A4818775649E2B111664D3E /* Pods-iBirthday.debug.xcconfig */ = {isa = PBXFileReference; includeInIndex = 1; lastKnownFileType = text.xcconfig; name = "Pods-iBirthday.debug.xcconfig"; path = "Target Support Files/Pods-iBirthday/Pods-iBirthday.debug.xcconfig"; sourceTree = "<group>"; };
		5B769B6AE3C3D4E2171BAACD /* Pods-iBirthday.release.xcconfig */ = {isa = PBXFileReference; includeInIndex = 1; lastKnownFileType = text.xcconfig; name = "Pods-iBirthday.release.xcconfig"; path = "Target Support Files/Pods-iBirthday/Pods-iBirthday.release.xcconfig"; sourceTree = "<group>"; };
		823F25F38FDF855AAAF8037D /* Pods_iBirthday.framework */ = {isa = PBXFileReference; explicitFileType = wrapper.framework; includeInIndex = 0; path = Pods_iBirthday.framework; sourceTree = BUILT_PRODUCTS_DIR; };
		BFF6C57627D367F900C2186C /* iBirthday.app */ = {isa = PBXFileReference; explicitFileType = wrapper.application; includeInIndex = 0; path = iBirthday.app; sourceTree = BUILT_PRODUCTS_DIR; };
		BFF6C57927D367F900C2186C /* AppDelegate.swift */ = {isa = PBXFileReference; lastKnownFileType = sourcecode.swift; path = AppDelegate.swift; sourceTree = "<group>"; };
		BFF6C57B27D367F900C2186C /* SceneDelegate.swift */ = {isa = PBXFileReference; lastKnownFileType = sourcecode.swift; path = SceneDelegate.swift; sourceTree = "<group>"; };
		BFF6C58527D367FA00C2186C /* Assets.xcassets */ = {isa = PBXFileReference; lastKnownFileType = folder.assetcatalog; path = Assets.xcassets; sourceTree = "<group>"; };
		BFF6C58827D367FA00C2186C /* Base */ = {isa = PBXFileReference; lastKnownFileType = file.storyboard; name = Base; path = Base.lproj/LaunchScreen.storyboard; sourceTree = "<group>"; };
		BFF6C58A27D367FA00C2186C /* Info.plist */ = {isa = PBXFileReference; lastKnownFileType = text.plist.xml; path = Info.plist; sourceTree = "<group>"; };
		BFF6C59327D36F9100C2186C /* BirthdayTableViewController.swift */ = {isa = PBXFileReference; lastKnownFileType = sourcecode.swift; path = BirthdayTableViewController.swift; sourceTree = "<group>"; };
		BFF6C59727D375DC00C2186C /* Colors.swift */ = {isa = PBXFileReference; lastKnownFileType = sourcecode.swift; path = Colors.swift; sourceTree = "<group>"; };
		BFF6C59927D37AFE00C2186C /* NamegiverTableViewCell.swift */ = {isa = PBXFileReference; lastKnownFileType = sourcecode.swift; path = NamegiverTableViewCell.swift; sourceTree = "<group>"; };
		BFF6C59B27D37B6D00C2186C /* NamegiverStackView.swift */ = {isa = PBXFileReference; lastKnownFileType = sourcecode.swift; path = NamegiverStackView.swift; sourceTree = "<group>"; };
		BFF6C59E27D37BDE00C2186C /* UView+.swift */ = {isa = PBXFileReference; lastKnownFileType = sourcecode.swift; path = "UView+.swift"; sourceTree = "<group>"; };
		BFF6C5A027D37F5B00C2186C /* UIStackView+.swift */ = {isa = PBXFileReference; lastKnownFileType = sourcecode.swift; path = "UIStackView+.swift"; sourceTree = "<group>"; };
		BFF6C5A327D4D69400C2186C /* Altone-Regular.ttf */ = {isa = PBXFileReference; lastKnownFileType = file; path = "Altone-Regular.ttf"; sourceTree = "<group>"; };
		BFF6C5A427D4D69400C2186C /* Altone-Medium.ttf */ = {isa = PBXFileReference; lastKnownFileType = file; path = "Altone-Medium.ttf"; sourceTree = "<group>"; };
		BFF6C5A527D4D69400C2186C /* Altone-ExtraBold.ttf */ = {isa = PBXFileReference; lastKnownFileType = file; path = "Altone-ExtraBold.ttf"; sourceTree = "<group>"; };
		BFF6C5A627D4D69400C2186C /* Altone-SemiBold.ttf */ = {isa = PBXFileReference; lastKnownFileType = file; path = "Altone-SemiBold.ttf"; sourceTree = "<group>"; };
		BFF6C5A727D4D69400C2186C /* Altone-Light.ttf */ = {isa = PBXFileReference; lastKnownFileType = file; path = "Altone-Light.ttf"; sourceTree = "<group>"; };
		BFF6C5A827D4D69400C2186C /* Altone-ExtraLight.ttf */ = {isa = PBXFileReference; lastKnownFileType = file; path = "Altone-ExtraLight.ttf"; sourceTree = "<group>"; };
		BFF6C5A927D4D69400C2186C /* Altone-Bold.ttf */ = {isa = PBXFileReference; lastKnownFileType = file; path = "Altone-Bold.ttf"; sourceTree = "<group>"; };
		BFF6C5AA27D4D69400C2186C /* Altone-Thin.ttf */ = {isa = PBXFileReference; lastKnownFileType = file; path = "Altone-Thin.ttf"; sourceTree = "<group>"; };
		BFF6C5B327D4D6B100C2186C /* FontWeight.swift */ = {isa = PBXFileReference; lastKnownFileType = sourcecode.swift; path = FontWeight.swift; sourceTree = "<group>"; };
		BFF6C5B527D4D71E00C2186C /* UIFont+.swift */ = {isa = PBXFileReference; lastKnownFileType = sourcecode.swift; path = "UIFont+.swift"; sourceTree = "<group>"; };
		BFF6C5B927D625F600C2186C /* AddNamegiverTableViewController.swift */ = {isa = PBXFileReference; lastKnownFileType = sourcecode.swift; path = AddNamegiverTableViewController.swift; sourceTree = "<group>"; };
		BFF6C5BC27D62A2000C2186C /* AddImageNamegiverTableViewCell.swift */ = {isa = PBXFileReference; lastKnownFileType = sourcecode.swift; path = AddImageNamegiverTableViewCell.swift; sourceTree = "<group>"; };
		BFF6C5C127D62AAC00C2186C /* PersonImageStackView.swift */ = {isa = PBXFileReference; lastKnownFileType = sourcecode.swift; path = PersonImageStackView.swift; sourceTree = "<group>"; };
		BFF6C5C327D6419D00C2186C /* SelectImageCollectionViewCell.swift */ = {isa = PBXFileReference; lastKnownFileType = sourcecode.swift; path = SelectImageCollectionViewCell.swift; sourceTree = "<group>"; };
		BFF6C5C627D6858F00C2186C /* InfoView.swift */ = {isa = PBXFileReference; lastKnownFileType = sourcecode.swift; path = InfoView.swift; sourceTree = "<group>"; };
		BFF6C5CA27D68E9700C2186C /* InfoTextField.swift */ = {isa = PBXFileReference; lastKnownFileType = sourcecode.swift; path = InfoTextField.swift; sourceTree = "<group>"; };
		BFF6C5CC27D6A61500C2186C /* AddInfoNamegiverTableViewCell.swift */ = {isa = PBXFileReference; lastKnownFileType = sourcecode.swift; path = AddInfoNamegiverTableViewCell.swift; sourceTree = "<group>"; };
		BFF6C5D227D78FFC00C2186C /* iBirthday.xcdatamodel */ = {isa = PBXFileReference; lastKnownFileType = wrapper.xcdatamodel; path = iBirthday.xcdatamodel; sourceTree = "<group>"; };
		BFF6C5D427D7910100C2186C /* CoreDataManager.swift */ = {isa = PBXFileReference; lastKnownFileType = sourcecode.swift; path = CoreDataManager.swift; sourceTree = "<group>"; };
		BFF6C5D627D7AC6100C2186C /* Date+.swift */ = {isa = PBXFileReference; lastKnownFileType = sourcecode.swift; path = "Date+.swift"; sourceTree = "<group>"; };
/* End PBXFileReference section */

/* Begin PBXFrameworksBuildPhase section */
		BFF6C57327D367F900C2186C /* Frameworks */ = {
			isa = PBXFrameworksBuildPhase;
			buildActionMask = 2147483647;
			files = (
				DED4961C8C7778233CC5AFD5 /* Pods_iBirthday.framework in Frameworks */,
			);
			runOnlyForDeploymentPostprocessing = 0;
		};
/* End PBXFrameworksBuildPhase section */

/* Begin PBXGroup section */
		BA7F9B729EE6C15EF39AC697 /* Frameworks */ = {
			isa = PBXGroup;
			children = (
				823F25F38FDF855AAAF8037D /* Pods_iBirthday.framework */,
			);
			name = Frameworks;
			sourceTree = "<group>";
		};
		BFF6C56D27D367F900C2186C = {
			isa = PBXGroup;
			children = (
				BFF6C57827D367F900C2186C /* iBirthday */,
				BFF6C57727D367F900C2186C /* Products */,
				C8DD46C77057CCC250C170E1 /* Pods */,
				BA7F9B729EE6C15EF39AC697 /* Frameworks */,
			);
			sourceTree = "<group>";
		};
		BFF6C57727D367F900C2186C /* Products */ = {
			isa = PBXGroup;
			children = (
				BFF6C57627D367F900C2186C /* iBirthday.app */,
			);
			name = Products;
			sourceTree = "<group>";
		};
		BFF6C57827D367F900C2186C /* iBirthday */ = {
			isa = PBXGroup;
			children = (
				BFF6C5A227D4D63500C2186C /* Font */,
				BFF6C59D27D37BC300C2186C /* Extension */,
				BFF6C59627D375D200C2186C /* Enums */,
				BFF6C59227D36F7200C2186C /* Models */,
				BFF6C59127D36F6D00C2186C /* Views */,
				BFF6C59027D36F6200C2186C /* Controllers */,
				BFF6C57927D367F900C2186C /* AppDelegate.swift */,
				BFF6C57B27D367F900C2186C /* SceneDelegate.swift */,
				BFF6C58527D367FA00C2186C /* Assets.xcassets */,
				BFF6C58727D367FA00C2186C /* LaunchScreen.storyboard */,
				BFF6C58A27D367FA00C2186C /* Info.plist */,
				BFF6C5D127D78FFC00C2186C /* iBirthday.xcdatamodeld */,
			);
			path = iBirthday;
			sourceTree = "<group>";
		};
		BFF6C59027D36F6200C2186C /* Controllers */ = {
			isa = PBXGroup;
			children = (
				BFF6C59327D36F9100C2186C /* BirthdayTableViewController.swift */,
				BFF6C5B927D625F600C2186C /* AddNamegiverTableViewController.swift */,
			);
			path = Controllers;
			sourceTree = "<group>";
		};
		BFF6C59127D36F6D00C2186C /* Views */ = {
			isa = PBXGroup;
			children = (
				BFF6C59527D3759800C2186C /* Birthday */,
				BFF6C5BB27D6293C00C2186C /* AddNamegiver */,
			);
			path = Views;
			sourceTree = "<group>";
		};
		BFF6C59227D36F7200C2186C /* Models */ = {
			isa = PBXGroup;
			children = (
				BFF6C5D427D7910100C2186C /* CoreDataManager.swift */,
			);
			path = Models;
			sourceTree = "<group>";
		};
		BFF6C59527D3759800C2186C /* Birthday */ = {
			isa = PBXGroup;
			children = (
				BFF6C59927D37AFE00C2186C /* NamegiverTableViewCell.swift */,
				BFF6C59B27D37B6D00C2186C /* NamegiverStackView.swift */,
			);
			path = Birthday;
			sourceTree = "<group>";
		};
		BFF6C59627D375D200C2186C /* Enums */ = {
			isa = PBXGroup;
			children = (
				BFF6C59727D375DC00C2186C /* Colors.swift */,
				BFF6C5B327D4D6B100C2186C /* FontWeight.swift */,
			);
			path = Enums;
			sourceTree = "<group>";
		};
		BFF6C59D27D37BC300C2186C /* Extension */ = {
			isa = PBXGroup;
			children = (
				BFF6C59E27D37BDE00C2186C /* UView+.swift */,
				BFF6C5A027D37F5B00C2186C /* UIStackView+.swift */,
				BFF6C5B527D4D71E00C2186C /* UIFont+.swift */,
				BFF6C5D627D7AC6100C2186C /* Date+.swift */,
			);
			path = Extension;
			sourceTree = "<group>";
		};
		BFF6C5A227D4D63500C2186C /* Font */ = {
			isa = PBXGroup;
			children = (
				BFF6C5A927D4D69400C2186C /* Altone-Bold.ttf */,
				BFF6C5A527D4D69400C2186C /* Altone-ExtraBold.ttf */,
				BFF6C5A827D4D69400C2186C /* Altone-ExtraLight.ttf */,
				BFF6C5A727D4D69400C2186C /* Altone-Light.ttf */,
				BFF6C5A427D4D69400C2186C /* Altone-Medium.ttf */,
				BFF6C5A327D4D69400C2186C /* Altone-Regular.ttf */,
				BFF6C5A627D4D69400C2186C /* Altone-SemiBold.ttf */,
				BFF6C5AA27D4D69400C2186C /* Altone-Thin.ttf */,
			);
			path = Font;
			sourceTree = "<group>";
		};
		BFF6C5BB27D6293C00C2186C /* AddNamegiver */ = {
			isa = PBXGroup;
			children = (
				BFF6C5C027D62A8800C2186C /* AddImagePersonViews */,
				BFF6C5C527D676FC00C2186C /* AddInfoNamegiver */,
				BFF6C5BE27D62A2300C2186C /* Cells */,
			);
			path = AddNamegiver;
			sourceTree = "<group>";
		};
		BFF6C5BE27D62A2300C2186C /* Cells */ = {
			isa = PBXGroup;
			children = (
				BFF6C5BC27D62A2000C2186C /* AddImageNamegiverTableViewCell.swift */,
				BFF6C5CC27D6A61500C2186C /* AddInfoNamegiverTableViewCell.swift */,
			);
			path = Cells;
			sourceTree = "<group>";
		};
		BFF6C5C027D62A8800C2186C /* AddImagePersonViews */ = {
			isa = PBXGroup;
			children = (
				BFF6C5C127D62AAC00C2186C /* PersonImageStackView.swift */,
				BFF6C5C327D6419D00C2186C /* SelectImageCollectionViewCell.swift */,
			);
			path = AddImagePersonViews;
			sourceTree = "<group>";
		};
		BFF6C5C527D676FC00C2186C /* AddInfoNamegiver */ = {
			isa = PBXGroup;
			children = (
				BFF6C5C627D6858F00C2186C /* InfoView.swift */,
				BFF6C5CA27D68E9700C2186C /* InfoTextField.swift */,
			);
			path = AddInfoNamegiver;
			sourceTree = "<group>";
		};
		C8DD46C77057CCC250C170E1 /* Pods */ = {
			isa = PBXGroup;
			children = (
				2A4818775649E2B111664D3E /* Pods-iBirthday.debug.xcconfig */,
				5B769B6AE3C3D4E2171BAACD /* Pods-iBirthday.release.xcconfig */,
			);
			name = Pods;
			path = Pods;
			sourceTree = "<group>";
		};
/* End PBXGroup section */

/* Begin PBXNativeTarget section */
		BFF6C57527D367F900C2186C /* iBirthday */ = {
			isa = PBXNativeTarget;
			buildConfigurationList = BFF6C58D27D367FA00C2186C /* Build configuration list for PBXNativeTarget "iBirthday" */;
			buildPhases = (
				4F93645E78EAF352461A74C7 /* [CP] Check Pods Manifest.lock */,
				BFF6C57227D367F900C2186C /* Sources */,
				BFF6C57327D367F900C2186C /* Frameworks */,
				BFF6C57427D367F900C2186C /* Resources */,
				F98F9EA9760477FF4E5C7104 /* [CP] Embed Pods Frameworks */,
			);
			buildRules = (
			);
			dependencies = (
			);
			name = iBirthday;
			productName = iBirthday;
			productReference = BFF6C57627D367F900C2186C /* iBirthday.app */;
			productType = "com.apple.product-type.application";
		};
/* End PBXNativeTarget section */

/* Begin PBXProject section */
		BFF6C56E27D367F900C2186C /* Project object */ = {
			isa = PBXProject;
			attributes = {
				BuildIndependentTargetsInParallel = 1;
				LastSwiftUpdateCheck = 1320;
				LastUpgradeCheck = 1320;
				TargetAttributes = {
					BFF6C57527D367F900C2186C = {
						CreatedOnToolsVersion = 13.2.1;
					};
				};
			};
			buildConfigurationList = BFF6C57127D367F900C2186C /* Build configuration list for PBXProject "iBirthday" */;
			compatibilityVersion = "Xcode 13.0";
			developmentRegion = en;
			hasScannedForEncodings = 0;
			knownRegions = (
				en,
				Base,
			);
			mainGroup = BFF6C56D27D367F900C2186C;
			productRefGroup = BFF6C57727D367F900C2186C /* Products */;
			projectDirPath = "";
			projectRoot = "";
			targets = (
				BFF6C57527D367F900C2186C /* iBirthday */,
			);
		};
/* End PBXProject section */

/* Begin PBXResourcesBuildPhase section */
		BFF6C57427D367F900C2186C /* Resources */ = {
			isa = PBXResourcesBuildPhase;
			buildActionMask = 2147483647;
			files = (
				BFF6C5B227D4D69400C2186C /* Altone-Thin.ttf in Resources */,
				BFF6C5AE27D4D69400C2186C /* Altone-SemiBold.ttf in Resources */,
				BFF6C5AD27D4D69400C2186C /* Altone-ExtraBold.ttf in Resources */,
				BFF6C5AF27D4D69400C2186C /* Altone-Light.ttf in Resources */,
				BFF6C58927D367FA00C2186C /* LaunchScreen.storyboard in Resources */,
				BFF6C5AB27D4D69400C2186C /* Altone-Regular.ttf in Resources */,
				BFF6C5B027D4D69400C2186C /* Altone-ExtraLight.ttf in Resources */,
				BFF6C5B127D4D69400C2186C /* Altone-Bold.ttf in Resources */,
				BFF6C5AC27D4D69400C2186C /* Altone-Medium.ttf in Resources */,
				BFF6C58627D367FA00C2186C /* Assets.xcassets in Resources */,
			);
			runOnlyForDeploymentPostprocessing = 0;
		};
/* End PBXResourcesBuildPhase section */

/* Begin PBXShellScriptBuildPhase section */
		4F93645E78EAF352461A74C7 /* [CP] Check Pods Manifest.lock */ = {
			isa = PBXShellScriptBuildPhase;
			buildActionMask = 2147483647;
			files = (
			);
			inputFileListPaths = (
			);
			inputPaths = (
				"${PODS_PODFILE_DIR_PATH}/Podfile.lock",
				"${PODS_ROOT}/Manifest.lock",
			);
			name = "[CP] Check Pods Manifest.lock";
			outputFileListPaths = (
			);
			outputPaths = (
				"$(DERIVED_FILE_DIR)/Pods-iBirthday-checkManifestLockResult.txt",
			);
			runOnlyForDeploymentPostprocessing = 0;
			shellPath = /bin/sh;
			shellScript = "diff \"${PODS_PODFILE_DIR_PATH}/Podfile.lock\" \"${PODS_ROOT}/Manifest.lock\" > /dev/null\nif [ $? != 0 ] ; then\n    # print error to STDERR\n    echo \"error: The sandbox is not in sync with the Podfile.lock. Run 'pod install' or update your CocoaPods installation.\" >&2\n    exit 1\nfi\n# This output is used by Xcode 'outputs' to avoid re-running this script phase.\necho \"SUCCESS\" > \"${SCRIPT_OUTPUT_FILE_0}\"\n";
			showEnvVarsInLog = 0;
		};
		F98F9EA9760477FF4E5C7104 /* [CP] Embed Pods Frameworks */ = {
			isa = PBXShellScriptBuildPhase;
			buildActionMask = 2147483647;
			files = (
			);
			inputFileListPaths = (
				"${PODS_ROOT}/Target Support Files/Pods-iBirthday/Pods-iBirthday-frameworks-${CONFIGURATION}-input-files.xcfilelist",
			);
			name = "[CP] Embed Pods Frameworks";
			outputFileListPaths = (
				"${PODS_ROOT}/Target Support Files/Pods-iBirthday/Pods-iBirthday-frameworks-${CONFIGURATION}-output-files.xcfilelist",
			);
			runOnlyForDeploymentPostprocessing = 0;
			shellPath = /bin/sh;
			shellScript = "\"${PODS_ROOT}/Target Support Files/Pods-iBirthday/Pods-iBirthday-frameworks.sh\"\n";
			showEnvVarsInLog = 0;
		};
/* End PBXShellScriptBuildPhase section */

/* Begin PBXSourcesBuildPhase section */
		BFF6C57227D367F900C2186C /* Sources */ = {
			isa = PBXSourcesBuildPhase;
			buildActionMask = 2147483647;
			files = (
				BFF6C5D327D78FFC00C2186C /* iBirthday.xcdatamodeld in Sources */,
				BFF6C5C727D6858F00C2186C /* InfoView.swift in Sources */,
				BFF6C5B627D4D71E00C2186C /* UIFont+.swift in Sources */,
				BFF6C5D527D7910100C2186C /* CoreDataManager.swift in Sources */,
				BFF6C5CD27D6A61500C2186C /* AddInfoNamegiverTableViewCell.swift in Sources */,
				BFF6C5BA27D625F600C2186C /* AddNamegiverTableViewController.swift in Sources */,
				BFF6C5B427D4D6B100C2186C /* FontWeight.swift in Sources */,
				BFF6C5D727D7AC6100C2186C /* Date+.swift in Sources */,
				BFF6C5BD27D62A2000C2186C /* AddImageNamegiverTableViewCell.swift in Sources */,
				BFF6C57A27D367F900C2186C /* AppDelegate.swift in Sources */,
				BFF6C5C227D62AAC00C2186C /* PersonImageStackView.swift in Sources */,
				BFF6C5A127D37F5B00C2186C /* UIStackView+.swift in Sources */,
				BFF6C5C427D6419D00C2186C /* SelectImageCollectionViewCell.swift in Sources */,
				BFF6C59827D375DC00C2186C /* Colors.swift in Sources */,
				BFF6C5CB27D68E9700C2186C /* InfoTextField.swift in Sources */,
				BFF6C59F27D37BDE00C2186C /* UView+.swift in Sources */,
				BFF6C59427D36F9100C2186C /* BirthdayTableViewController.swift in Sources */,
				BFF6C59C27D37B6D00C2186C /* NamegiverStackView.swift in Sources */,
				BFF6C59A27D37AFE00C2186C /* NamegiverTableViewCell.swift in Sources */,
				BFF6C57C27D367F900C2186C /* SceneDelegate.swift in Sources */,
			);
			runOnlyForDeploymentPostprocessing = 0;
		};
/* End PBXSourcesBuildPhase section */

/* Begin PBXVariantGroup section */
		BFF6C58727D367FA00C2186C /* LaunchScreen.storyboard */ = {
			isa = PBXVariantGroup;
			children = (
				BFF6C58827D367FA00C2186C /* Base */,
			);
			name = LaunchScreen.storyboard;
			sourceTree = "<group>";
		};
/* End PBXVariantGroup section */

/* Begin XCBuildConfiguration section */
		BFF6C58B27D367FA00C2186C /* Debug */ = {
			isa = XCBuildConfiguration;
			buildSettings = {
				ALWAYS_SEARCH_USER_PATHS = NO;
				CLANG_ANALYZER_NONNULL = YES;
				CLANG_ANALYZER_NUMBER_OBJECT_CONVERSION = YES_AGGRESSIVE;
				CLANG_CXX_LANGUAGE_STANDARD = "gnu++17";
				CLANG_CXX_LIBRARY = "libc++";
				CLANG_ENABLE_MODULES = YES;
				CLANG_ENABLE_OBJC_ARC = YES;
				CLANG_ENABLE_OBJC_WEAK = YES;
				CLANG_WARN_BLOCK_CAPTURE_AUTORELEASING = YES;
				CLANG_WARN_BOOL_CONVERSION = YES;
				CLANG_WARN_COMMA = YES;
				CLANG_WARN_CONSTANT_CONVERSION = YES;
				CLANG_WARN_DEPRECATED_OBJC_IMPLEMENTATIONS = YES;
				CLANG_WARN_DIRECT_OBJC_ISA_USAGE = YES_ERROR;
				CLANG_WARN_DOCUMENTATION_COMMENTS = YES;
				CLANG_WARN_EMPTY_BODY = YES;
				CLANG_WARN_ENUM_CONVERSION = YES;
				CLANG_WARN_INFINITE_RECURSION = YES;
				CLANG_WARN_INT_CONVERSION = YES;
				CLANG_WARN_NON_LITERAL_NULL_CONVERSION = YES;
				CLANG_WARN_OBJC_IMPLICIT_RETAIN_SELF = YES;
				CLANG_WARN_OBJC_LITERAL_CONVERSION = YES;
				CLANG_WARN_OBJC_ROOT_CLASS = YES_ERROR;
				CLANG_WARN_QUOTED_INCLUDE_IN_FRAMEWORK_HEADER = YES;
				CLANG_WARN_RANGE_LOOP_ANALYSIS = YES;
				CLANG_WARN_STRICT_PROTOTYPES = YES;
				CLANG_WARN_SUSPICIOUS_MOVE = YES;
				CLANG_WARN_UNGUARDED_AVAILABILITY = YES_AGGRESSIVE;
				CLANG_WARN_UNREACHABLE_CODE = YES;
				CLANG_WARN__DUPLICATE_METHOD_MATCH = YES;
				COPY_PHASE_STRIP = NO;
				DEBUG_INFORMATION_FORMAT = dwarf;
				ENABLE_STRICT_OBJC_MSGSEND = YES;
				ENABLE_TESTABILITY = YES;
				GCC_C_LANGUAGE_STANDARD = gnu11;
				GCC_DYNAMIC_NO_PIC = NO;
				GCC_NO_COMMON_BLOCKS = YES;
				GCC_OPTIMIZATION_LEVEL = 0;
				GCC_PREPROCESSOR_DEFINITIONS = (
					"DEBUG=1",
					"$(inherited)",
				);
				GCC_WARN_64_TO_32_BIT_CONVERSION = YES;
				GCC_WARN_ABOUT_RETURN_TYPE = YES_ERROR;
				GCC_WARN_UNDECLARED_SELECTOR = YES;
				GCC_WARN_UNINITIALIZED_AUTOS = YES_AGGRESSIVE;
				GCC_WARN_UNUSED_FUNCTION = YES;
				GCC_WARN_UNUSED_VARIABLE = YES;
				IPHONEOS_DEPLOYMENT_TARGET = 15.2;
				MTL_ENABLE_DEBUG_INFO = INCLUDE_SOURCE;
				MTL_FAST_MATH = YES;
				ONLY_ACTIVE_ARCH = YES;
				SDKROOT = iphoneos;
				SWIFT_ACTIVE_COMPILATION_CONDITIONS = DEBUG;
				SWIFT_OPTIMIZATION_LEVEL = "-Onone";
			};
			name = Debug;
		};
		BFF6C58C27D367FA00C2186C /* Release */ = {
			isa = XCBuildConfiguration;
			buildSettings = {
				ALWAYS_SEARCH_USER_PATHS = NO;
				CLANG_ANALYZER_NONNULL = YES;
				CLANG_ANALYZER_NUMBER_OBJECT_CONVERSION = YES_AGGRESSIVE;
				CLANG_CXX_LANGUAGE_STANDARD = "gnu++17";
				CLANG_CXX_LIBRARY = "libc++";
				CLANG_ENABLE_MODULES = YES;
				CLANG_ENABLE_OBJC_ARC = YES;
				CLANG_ENABLE_OBJC_WEAK = YES;
				CLANG_WARN_BLOCK_CAPTURE_AUTORELEASING = YES;
				CLANG_WARN_BOOL_CONVERSION = YES;
				CLANG_WARN_COMMA = YES;
				CLANG_WARN_CONSTANT_CONVERSION = YES;
				CLANG_WARN_DEPRECATED_OBJC_IMPLEMENTATIONS = YES;
				CLANG_WARN_DIRECT_OBJC_ISA_USAGE = YES_ERROR;
				CLANG_WARN_DOCUMENTATION_COMMENTS = YES;
				CLANG_WARN_EMPTY_BODY = YES;
				CLANG_WARN_ENUM_CONVERSION = YES;
				CLANG_WARN_INFINITE_RECURSION = YES;
				CLANG_WARN_INT_CONVERSION = YES;
				CLANG_WARN_NON_LITERAL_NULL_CONVERSION = YES;
				CLANG_WARN_OBJC_IMPLICIT_RETAIN_SELF = YES;
				CLANG_WARN_OBJC_LITERAL_CONVERSION = YES;
				CLANG_WARN_OBJC_ROOT_CLASS = YES_ERROR;
				CLANG_WARN_QUOTED_INCLUDE_IN_FRAMEWORK_HEADER = YES;
				CLANG_WARN_RANGE_LOOP_ANALYSIS = YES;
				CLANG_WARN_STRICT_PROTOTYPES = YES;
				CLANG_WARN_SUSPICIOUS_MOVE = YES;
				CLANG_WARN_UNGUARDED_AVAILABILITY = YES_AGGRESSIVE;
				CLANG_WARN_UNREACHABLE_CODE = YES;
				CLANG_WARN__DUPLICATE_METHOD_MATCH = YES;
				COPY_PHASE_STRIP = NO;
				DEBUG_INFORMATION_FORMAT = "dwarf-with-dsym";
				ENABLE_NS_ASSERTIONS = NO;
				ENABLE_STRICT_OBJC_MSGSEND = YES;
				GCC_C_LANGUAGE_STANDARD = gnu11;
				GCC_NO_COMMON_BLOCKS = YES;
				GCC_WARN_64_TO_32_BIT_CONVERSION = YES;
				GCC_WARN_ABOUT_RETURN_TYPE = YES_ERROR;
				GCC_WARN_UNDECLARED_SELECTOR = YES;
				GCC_WARN_UNINITIALIZED_AUTOS = YES_AGGRESSIVE;
				GCC_WARN_UNUSED_FUNCTION = YES;
				GCC_WARN_UNUSED_VARIABLE = YES;
				IPHONEOS_DEPLOYMENT_TARGET = 15.2;
				MTL_ENABLE_DEBUG_INFO = NO;
				MTL_FAST_MATH = YES;
				SDKROOT = iphoneos;
				SWIFT_COMPILATION_MODE = wholemodule;
				SWIFT_OPTIMIZATION_LEVEL = "-O";
				VALIDATE_PRODUCT = YES;
			};
			name = Release;
		};
		BFF6C58E27D367FA00C2186C /* Debug */ = {
			isa = XCBuildConfiguration;
			baseConfigurationReference = 2A4818775649E2B111664D3E /* Pods-iBirthday.debug.xcconfig */;
			buildSettings = {
				ASSETCATALOG_COMPILER_APPICON_NAME = AppIcon;
				ASSETCATALOG_COMPILER_GLOBAL_ACCENT_COLOR_NAME = AccentColor;
				CODE_SIGN_STYLE = Automatic;
				CURRENT_PROJECT_VERSION = 1;
				GENERATE_INFOPLIST_FILE = YES;
				INFOPLIST_FILE = iBirthday/Info.plist;
				INFOPLIST_KEY_UIApplicationSupportsIndirectInputEvents = YES;
				INFOPLIST_KEY_UILaunchStoryboardName = LaunchScreen;
				INFOPLIST_KEY_UISupportedInterfaceOrientations_iPad = "UIInterfaceOrientationPortrait UIInterfaceOrientationPortraitUpsideDown UIInterfaceOrientationLandscapeLeft UIInterfaceOrientationLandscapeRight";
				INFOPLIST_KEY_UISupportedInterfaceOrientations_iPhone = "UIInterfaceOrientationPortrait UIInterfaceOrientationLandscapeLeft UIInterfaceOrientationLandscapeRight";
				LD_RUNPATH_SEARCH_PATHS = (
					"$(inherited)",
					"@executable_path/Frameworks",
				);
				MARKETING_VERSION = 1.0;
				PRODUCT_BUNDLE_IDENTIFIER = com.google.iBirthday;
				PRODUCT_NAME = "$(TARGET_NAME)";
				SWIFT_EMIT_LOC_STRINGS = YES;
				SWIFT_VERSION = 5.0;
				TARGETED_DEVICE_FAMILY = "1,2";
			};
			name = Debug;
		};
		BFF6C58F27D367FA00C2186C /* Release */ = {
			isa = XCBuildConfiguration;
			baseConfigurationReference = 5B769B6AE3C3D4E2171BAACD /* Pods-iBirthday.release.xcconfig */;
			buildSettings = {
				ASSETCATALOG_COMPILER_APPICON_NAME = AppIcon;
				ASSETCATALOG_COMPILER_GLOBAL_ACCENT_COLOR_NAME = AccentColor;
				CODE_SIGN_STYLE = Automatic;
				CURRENT_PROJECT_VERSION = 1;
				GENERATE_INFOPLIST_FILE = YES;
				INFOPLIST_FILE = iBirthday/Info.plist;
				INFOPLIST_KEY_UIApplicationSupportsIndirectInputEvents = YES;
				INFOPLIST_KEY_UILaunchStoryboardName = LaunchScreen;
				INFOPLIST_KEY_UISupportedInterfaceOrientations_iPad = "UIInterfaceOrientationPortrait UIInterfaceOrientationPortraitUpsideDown UIInterfaceOrientationLandscapeLeft UIInterfaceOrientationLandscapeRight";
				INFOPLIST_KEY_UISupportedInterfaceOrientations_iPhone = "UIInterfaceOrientationPortrait UIInterfaceOrientationLandscapeLeft UIInterfaceOrientationLandscapeRight";
				LD_RUNPATH_SEARCH_PATHS = (
					"$(inherited)",
					"@executable_path/Frameworks",
				);
				MARKETING_VERSION = 1.0;
				PRODUCT_BUNDLE_IDENTIFIER = com.google.iBirthday;
				PRODUCT_NAME = "$(TARGET_NAME)";
				SWIFT_EMIT_LOC_STRINGS = YES;
				SWIFT_VERSION = 5.0;
				TARGETED_DEVICE_FAMILY = "1,2";
			};
			name = Release;
		};
/* End XCBuildConfiguration section */

/* Begin XCConfigurationList section */
		BFF6C57127D367F900C2186C /* Build configuration list for PBXProject "iBirthday" */ = {
			isa = XCConfigurationList;
			buildConfigurations = (
				BFF6C58B27D367FA00C2186C /* Debug */,
				BFF6C58C27D367FA00C2186C /* Release */,
			);
			defaultConfigurationIsVisible = 0;
			defaultConfigurationName = Release;
		};
		BFF6C58D27D367FA00C2186C /* Build configuration list for PBXNativeTarget "iBirthday" */ = {
			isa = XCConfigurationList;
			buildConfigurations = (
				BFF6C58E27D367FA00C2186C /* Debug */,
				BFF6C58F27D367FA00C2186C /* Release */,
			);
			defaultConfigurationIsVisible = 0;
			defaultConfigurationName = Release;
		};
/* End XCConfigurationList section */

/* Begin XCVersionGroup section */
		BFF6C5D127D78FFC00C2186C /* iBirthday.xcdatamodeld */ = {
			isa = XCVersionGroup;
			children = (
				BFF6C5D227D78FFC00C2186C /* iBirthday.xcdatamodel */,
			);
			currentVersion = BFF6C5D227D78FFC00C2186C /* iBirthday.xcdatamodel */;
			path = iBirthday.xcdatamodeld;
			sourceTree = "<group>";
			versionGroupType = wrapper.xcdatamodel;
		};
/* End XCVersionGroup section */
	};
	rootObject = BFF6C56E27D367F900C2186C /* Project object */;
}
